// !$*UTF8*$!
{
	archiveVersion = 1;
	classes = {
	};
	objectVersion = 56;
	objects = {

/* Begin PBXBuildFile section */
		3A22C75A2CDB9E930040ACD2 /* Extension.swift in Sources */ = {isa = PBXBuildFile; fileRef = 3A22C7592CDB9E930040ACD2 /* Extension.swift */; };
		3A24C6FB2CD91C0200BFAAC3 /* AppDelegate.swift in Sources */ = {isa = PBXBuildFile; fileRef = 3A24C6FA2CD91C0200BFAAC3 /* AppDelegate.swift */; };
		3A24C6FD2CD91C0200BFAAC3 /* SceneDelegate.swift in Sources */ = {isa = PBXBuildFile; fileRef = 3A24C6FC2CD91C0200BFAAC3 /* SceneDelegate.swift */; };
		3A24C7022CD91C0200BFAAC3 /* Main.storyboard in Resources */ = {isa = PBXBuildFile; fileRef = 3A24C7002CD91C0200BFAAC3 /* Main.storyboard */; };
		3A24C7042CD91C0300BFAAC3 /* Assets.xcassets in Resources */ = {isa = PBXBuildFile; fileRef = 3A24C7032CD91C0300BFAAC3 /* Assets.xcassets */; };
		3A24C7072CD91C0300BFAAC3 /* LaunchScreen.storyboard in Resources */ = {isa = PBXBuildFile; fileRef = 3A24C7052CD91C0300BFAAC3 /* LaunchScreen.storyboard */; };
		3A24C70F2CD91C5500BFAAC3 /* Model.swift in Sources */ = {isa = PBXBuildFile; fileRef = 3A24C70E2CD91C5500BFAAC3 /* Model.swift */; };
		3A24C7112CD91C8B00BFAAC3 /* UserDefaults Helper.swift in Sources */ = {isa = PBXBuildFile; fileRef = 3A24C7102CD91C8B00BFAAC3 /* UserDefaults Helper.swift */; };
		3A24C7132CD91CB300BFAAC3 /* AttendanceListViewController.swift in Sources */ = {isa = PBXBuildFile; fileRef = 3A24C7122CD91CB300BFAAC3 /* AttendanceListViewController.swift */; };
		3A24C7152CD91CE000BFAAC3 /* AddAttendanceViewController.swift in Sources */ = {isa = PBXBuildFile; fileRef = 3A24C7142CD91CE000BFAAC3 /* AddAttendanceViewController.swift */; };
		3A24C7172CD91D1800BFAAC3 /* GeneralPolicyViewController.swift in Sources */ = {isa = PBXBuildFile; fileRef = 3A24C7162CD91D1800BFAAC3 /* GeneralPolicyViewController.swift */; };
		3A24C7192CD91D3900BFAAC3 /* EditPolicyViewController.swift in Sources */ = {isa = PBXBuildFile; fileRef = 3A24C7182CD91D3900BFAAC3 /* EditPolicyViewController.swift */; };
		3A24C71B2CD9419400BFAAC3 /* PolicyHistoryViewController.swift in Sources */ = {isa = PBXBuildFile; fileRef = 3A24C71A2CD9419400BFAAC3 /* PolicyHistoryViewController.swift */; };
		3A24C71D2CD963A900BFAAC3 /* EmployeeDetailViewController.swift in Sources */ = {isa = PBXBuildFile; fileRef = 3A24C71C2CD963A900BFAAC3 /* EmployeeDetailViewController.swift */; };
		3A26A1332CDA4DBB0049954D /* EditAttendanceViewController.swift in Sources */ = {isa = PBXBuildFile; fileRef = 3A26A1322CDA4DBB0049954D /* EditAttendanceViewController.swift */; };
		3A48BEE62CDD0FE400A0017C /* AttendanceListTableViewCell.swift in Sources */ = {isa = PBXBuildFile; fileRef = 3A48BEE52CDD0FE400A0017C /* AttendanceListTableViewCell.swift */; };
		7E06D5642CE640220035D510 /* AttendanceHistoryViewController.swift in Sources */ = {isa = PBXBuildFile; fileRef = 7E06D5632CE640220035D510 /* AttendanceHistoryViewController.swift */; };
/* End PBXBuildFile section */

/* Begin PBXFileReference section */
		3A22C7592CDB9E930040ACD2 /* Extension.swift */ = {isa = PBXFileReference; fileEncoding = 4; lastKnownFileType = sourcecode.swift; path = Extension.swift; sourceTree = "<group>"; };
		3A24C6F72CD91C0200BFAAC3 /* attendance app.app */ = {isa = PBXFileReference; explicitFileType = wrapper.application; includeInIndex = 0; path = "attendance app.app"; sourceTree = BUILT_PRODUCTS_DIR; };
		3A24C6FA2CD91C0200BFAAC3 /* AppDelegate.swift */ = {isa = PBXFileReference; lastKnownFileType = sourcecode.swift; path = AppDelegate.swift; sourceTree = "<group>"; };
		3A24C6FC2CD91C0200BFAAC3 /* SceneDelegate.swift */ = {isa = PBXFileReference; lastKnownFileType = sourcecode.swift; path = SceneDelegate.swift; sourceTree = "<group>"; };
		3A24C7012CD91C0200BFAAC3 /* Base */ = {isa = PBXFileReference; lastKnownFileType = file.storyboard; name = Base; path = Base.lproj/Main.storyboard; sourceTree = "<group>"; };
		3A24C7032CD91C0300BFAAC3 /* Assets.xcassets */ = {isa = PBXFileReference; lastKnownFileType = folder.assetcatalog; path = Assets.xcassets; sourceTree = "<group>"; };
		3A24C7062CD91C0300BFAAC3 /* Base */ = {isa = PBXFileReference; lastKnownFileType = file.storyboard; name = Base; path = Base.lproj/LaunchScreen.storyboard; sourceTree = "<group>"; };
		3A24C7082CD91C0300BFAAC3 /* Info.plist */ = {isa = PBXFileReference; lastKnownFileType = text.plist.xml; path = Info.plist; sourceTree = "<group>"; };
		3A24C70E2CD91C5500BFAAC3 /* Model.swift */ = {isa = PBXFileReference; lastKnownFileType = sourcecode.swift; path = Model.swift; sourceTree = "<group>"; };
		3A24C7102CD91C8B00BFAAC3 /* UserDefaults Helper.swift */ = {isa = PBXFileReference; lastKnownFileType = sourcecode.swift; path = "UserDefaults Helper.swift"; sourceTree = "<group>"; };
		3A24C7122CD91CB300BFAAC3 /* AttendanceListViewController.swift */ = {isa = PBXFileReference; lastKnownFileType = sourcecode.swift; path = AttendanceListViewController.swift; sourceTree = "<group>"; };
		3A24C7142CD91CE000BFAAC3 /* AddAttendanceViewController.swift */ = {isa = PBXFileReference; lastKnownFileType = sourcecode.swift; path = AddAttendanceViewController.swift; sourceTree = "<group>"; };
		3A24C7162CD91D1800BFAAC3 /* GeneralPolicyViewController.swift */ = {isa = PBXFileReference; lastKnownFileType = sourcecode.swift; path = GeneralPolicyViewController.swift; sourceTree = "<group>"; };
		3A24C7182CD91D3900BFAAC3 /* EditPolicyViewController.swift */ = {isa = PBXFileReference; lastKnownFileType = sourcecode.swift; path = EditPolicyViewController.swift; sourceTree = "<group>"; };
		3A24C71A2CD9419400BFAAC3 /* PolicyHistoryViewController.swift */ = {isa = PBXFileReference; lastKnownFileType = sourcecode.swift; path = PolicyHistoryViewController.swift; sourceTree = "<group>"; };
		3A24C71C2CD963A900BFAAC3 /* EmployeeDetailViewController.swift */ = {isa = PBXFileReference; lastKnownFileType = sourcecode.swift; path = EmployeeDetailViewController.swift; sourceTree = "<group>"; };
		3A26A1322CDA4DBB0049954D /* EditAttendanceViewController.swift */ = {isa = PBXFileReference; lastKnownFileType = sourcecode.swift; path = EditAttendanceViewController.swift; sourceTree = "<group>"; };
		3A48BEE52CDD0FE400A0017C /* AttendanceListTableViewCell.swift */ = {isa = PBXFileReference; lastKnownFileType = sourcecode.swift; path = AttendanceListTableViewCell.swift; sourceTree = "<group>"; };
		7E06D5632CE640220035D510 /* AttendanceHistoryViewController.swift */ = {isa = PBXFileReference; lastKnownFileType = sourcecode.swift; path = AttendanceHistoryViewController.swift; sourceTree = "<group>"; };
/* End PBXFileReference section */

/* Begin PBXFrameworksBuildPhase section */
		3A24C6F42CD91C0200BFAAC3 /* Frameworks */ = {
			isa = PBXFrameworksBuildPhase;
			buildActionMask = 2147483647;
			files = (
			);
			runOnlyForDeploymentPostprocessing = 0;
		};
/* End PBXFrameworksBuildPhase section */

/* Begin PBXGroup section */
		3A24C6EE2CD91C0200BFAAC3 = {
			isa = PBXGroup;
			children = (
				3A24C6F92CD91C0200BFAAC3 /* attendance app */,
				3A24C6F82CD91C0200BFAAC3 /* Products */,
			);
			sourceTree = "<group>";
		};
		3A24C6F82CD91C0200BFAAC3 /* Products */ = {
			isa = PBXGroup;
			children = (
				3A24C6F72CD91C0200BFAAC3 /* attendance app.app */,
			);
			name = Products;
			sourceTree = "<group>";
		};
		3A24C6F92CD91C0200BFAAC3 /* attendance app */ = {
			isa = PBXGroup;
			children = (
				3A24C6FA2CD91C0200BFAAC3 /* AppDelegate.swift */,
				3A24C6FC2CD91C0200BFAAC3 /* SceneDelegate.swift */,
				3A24C7002CD91C0200BFAAC3 /* Main.storyboard */,
				3A24C70E2CD91C5500BFAAC3 /* Model.swift */,
				3A24C7102CD91C8B00BFAAC3 /* UserDefaults Helper.swift */,
				3A24C7122CD91CB300BFAAC3 /* AttendanceListViewController.swift */,
				3A48BEE52CDD0FE400A0017C /* AttendanceListTableViewCell.swift */,
				3A24C7142CD91CE000BFAAC3 /* AddAttendanceViewController.swift */,
				3A26A1322CDA4DBB0049954D /* EditAttendanceViewController.swift */,
				3A24C71C2CD963A900BFAAC3 /* EmployeeDetailViewController.swift */,
				7E06D5632CE640220035D510 /* AttendanceHistoryViewController.swift */,
				3A24C7162CD91D1800BFAAC3 /* GeneralPolicyViewController.swift */,
				3A24C7182CD91D3900BFAAC3 /* EditPolicyViewController.swift */,
				3A24C71A2CD9419400BFAAC3 /* PolicyHistoryViewController.swift */,
				3A22C7592CDB9E930040ACD2 /* Extension.swift */,
				3A24C7032CD91C0300BFAAC3 /* Assets.xcassets */,
				3A24C7052CD91C0300BFAAC3 /* LaunchScreen.storyboard */,
				3A24C7082CD91C0300BFAAC3 /* Info.plist */,
			);
			path = "attendance app";
			sourceTree = "<group>";
		};
/* End PBXGroup section */

/* Begin PBXNativeTarget section */
		3A24C6F62CD91C0200BFAAC3 /* attendance app */ = {
			isa = PBXNativeTarget;
			buildConfigurationList = 3A24C70B2CD91C0300BFAAC3 /* Build configuration list for PBXNativeTarget "attendance app" */;
			buildPhases = (
				3A24C6F32CD91C0200BFAAC3 /* Sources */,
				3A24C6F42CD91C0200BFAAC3 /* Frameworks */,
				3A24C6F52CD91C0200BFAAC3 /* Resources */,
			);
			buildRules = (
			);
			dependencies = (
			);
			name = "attendance app";
			productName = "attendance app";
			productReference = 3A24C6F72CD91C0200BFAAC3 /* attendance app.app */;
			productType = "com.apple.product-type.application";
		};
/* End PBXNativeTarget section */

/* Begin PBXProject section */
		3A24C6EF2CD91C0200BFAAC3 /* Project object */ = {
			isa = PBXProject;
			attributes = {
				BuildIndependentTargetsInParallel = 1;
				LastSwiftUpdateCheck = 1500;
				LastUpgradeCheck = 1500;
				TargetAttributes = {
					3A24C6F62CD91C0200BFAAC3 = {
						CreatedOnToolsVersion = 15.0;
					};
				};
			};
			buildConfigurationList = 3A24C6F22CD91C0200BFAAC3 /* Build configuration list for PBXProject "attendance app" */;
			compatibilityVersion = "Xcode 14.0";
			developmentRegion = en;
			hasScannedForEncodings = 0;
			knownRegions = (
				en,
				Base,
			);
			mainGroup = 3A24C6EE2CD91C0200BFAAC3;
			productRefGroup = 3A24C6F82CD91C0200BFAAC3 /* Products */;
			projectDirPath = "";
			projectRoot = "";
			targets = (
				3A24C6F62CD91C0200BFAAC3 /* attendance app */,
			);
		};
/* End PBXProject section */

/* Begin PBXResourcesBuildPhase section */
		3A24C6F52CD91C0200BFAAC3 /* Resources */ = {
			isa = PBXResourcesBuildPhase;
			buildActionMask = 2147483647;
			files = (
				3A24C7072CD91C0300BFAAC3 /* LaunchScreen.storyboard in Resources */,
				3A24C7042CD91C0300BFAAC3 /* Assets.xcassets in Resources */,
				3A24C7022CD91C0200BFAAC3 /* Main.storyboard in Resources */,
			);
			runOnlyForDeploymentPostprocessing = 0;
		};
/* End PBXResourcesBuildPhase section */

/* Begin PBXSourcesBuildPhase section */
		3A24C6F32CD91C0200BFAAC3 /* Sources */ = {
			isa = PBXSourcesBuildPhase;
			buildActionMask = 2147483647;
			files = (
				3A48BEE62CDD0FE400A0017C /* AttendanceListTableViewCell.swift in Sources */,
				3A24C70F2CD91C5500BFAAC3 /* Model.swift in Sources */,
				7E06D5642CE640220035D510 /* AttendanceHistoryViewController.swift in Sources */,
				3A24C6FB2CD91C0200BFAAC3 /* AppDelegate.swift in Sources */,
				3A24C7172CD91D1800BFAAC3 /* GeneralPolicyViewController.swift in Sources */,
				3A22C75A2CDB9E930040ACD2 /* Extension.swift in Sources */,
				3A24C71B2CD9419400BFAAC3 /* PolicyHistoryViewController.swift in Sources */,
				3A24C6FD2CD91C0200BFAAC3 /* SceneDelegate.swift in Sources */,
				3A24C7152CD91CE000BFAAC3 /* AddAttendanceViewController.swift in Sources */,
				3A24C7112CD91C8B00BFAAC3 /* UserDefaults Helper.swift in Sources */,
				3A26A1332CDA4DBB0049954D /* EditAttendanceViewController.swift in Sources */,
				3A24C7192CD91D3900BFAAC3 /* EditPolicyViewController.swift in Sources */,
				3A24C7132CD91CB300BFAAC3 /* AttendanceListViewController.swift in Sources */,
				3A24C71D2CD963A900BFAAC3 /* EmployeeDetailViewController.swift in Sources */,
			);
			runOnlyForDeploymentPostprocessing = 0;
		};
/* End PBXSourcesBuildPhase section */

/* Begin PBXVariantGroup section */
		3A24C7002CD91C0200BFAAC3 /* Main.storyboard */ = {
			isa = PBXVariantGroup;
			children = (
				3A24C7012CD91C0200BFAAC3 /* Base */,
			);
			name = Main.storyboard;
			sourceTree = "<group>";
		};
		3A24C7052CD91C0300BFAAC3 /* LaunchScreen.storyboard */ = {
			isa = PBXVariantGroup;
			children = (
				3A24C7062CD91C0300BFAAC3 /* Base */,
			);
			name = LaunchScreen.storyboard;
			sourceTree = "<group>";
		};
/* End PBXVariantGroup section */

/* Begin XCBuildConfiguration section */
		3A24C7092CD91C0300BFAAC3 /* Debug */ = {
			isa = XCBuildConfiguration;
			buildSettings = {
				ALWAYS_SEARCH_USER_PATHS = NO;
				ASSETCATALOG_COMPILER_GENERATE_SWIFT_ASSET_SYMBOL_EXTENSIONS = YES;
				CLANG_ANALYZER_NONNULL = YES;
				CLANG_ANALYZER_NUMBER_OBJECT_CONVERSION = YES_AGGRESSIVE;
				CLANG_CXX_LANGUAGE_STANDARD = "gnu++20";
				CLANG_ENABLE_MODULES = YES;
				CLANG_ENABLE_OBJC_ARC = YES;
				CLANG_ENABLE_OBJC_WEAK = YES;
				CLANG_WARN_BLOCK_CAPTURE_AUTORELEASING = YES;
				CLANG_WARN_BOOL_CONVERSION = YES;
				CLANG_WARN_COMMA = YES;
				CLANG_WARN_CONSTANT_CONVERSION = YES;
				CLANG_WARN_DEPRECATED_OBJC_IMPLEMENTATIONS = YES;
				CLANG_WARN_DIRECT_OBJC_ISA_USAGE = YES_ERROR;
				CLANG_WARN_DOCUMENTATION_COMMENTS = YES;
				CLANG_WARN_EMPTY_BODY = YES;
				CLANG_WARN_ENUM_CONVERSION = YES;
				CLANG_WARN_INFINITE_RECURSION = YES;
				CLANG_WARN_INT_CONVERSION = YES;
				CLANG_WARN_NON_LITERAL_NULL_CONVERSION = YES;
				CLANG_WARN_OBJC_IMPLICIT_RETAIN_SELF = YES;
				CLANG_WARN_OBJC_LITERAL_CONVERSION = YES;
				CLANG_WARN_OBJC_ROOT_CLASS = YES_ERROR;
				CLANG_WARN_QUOTED_INCLUDE_IN_FRAMEWORK_HEADER = YES;
				CLANG_WARN_RANGE_LOOP_ANALYSIS = YES;
				CLANG_WARN_STRICT_PROTOTYPES = YES;
				CLANG_WARN_SUSPICIOUS_MOVE = YES;
				CLANG_WARN_UNGUARDED_AVAILABILITY = YES_AGGRESSIVE;
				CLANG_WARN_UNREACHABLE_CODE = YES;
				CLANG_WARN__DUPLICATE_METHOD_MATCH = YES;
				COPY_PHASE_STRIP = NO;
				DEBUG_INFORMATION_FORMAT = dwarf;
				ENABLE_STRICT_OBJC_MSGSEND = YES;
				ENABLE_TESTABILITY = YES;
				ENABLE_USER_SCRIPT_SANDBOXING = YES;
				GCC_C_LANGUAGE_STANDARD = gnu17;
				GCC_DYNAMIC_NO_PIC = NO;
				GCC_NO_COMMON_BLOCKS = YES;
				GCC_OPTIMIZATION_LEVEL = 0;
				GCC_PREPROCESSOR_DEFINITIONS = (
					"DEBUG=1",
					"$(inherited)",
				);
				GCC_WARN_64_TO_32_BIT_CONVERSION = YES;
				GCC_WARN_ABOUT_RETURN_TYPE = YES_ERROR;
				GCC_WARN_UNDECLARED_SELECTOR = YES;
				GCC_WARN_UNINITIALIZED_AUTOS = YES_AGGRESSIVE;
				GCC_WARN_UNUSED_FUNCTION = YES;
				GCC_WARN_UNUSED_VARIABLE = YES;
				IPHONEOS_DEPLOYMENT_TARGET = 17.0;
				LOCALIZATION_PREFERS_STRING_CATALOGS = YES;
				MTL_ENABLE_DEBUG_INFO = INCLUDE_SOURCE;
				MTL_FAST_MATH = YES;
				ONLY_ACTIVE_ARCH = YES;
				SDKROOT = iphoneos;
				SWIFT_ACTIVE_COMPILATION_CONDITIONS = "DEBUG $(inherited)";
				SWIFT_OPTIMIZATION_LEVEL = "-Onone";
			};
			name = Debug;
		};
		3A24C70A2CD91C0300BFAAC3 /* Release */ = {
			isa = XCBuildConfiguration;
			buildSettings = {
				ALWAYS_SEARCH_USER_PATHS = NO;
				ASSETCATALOG_COMPILER_GENERATE_SWIFT_ASSET_SYMBOL_EXTENSIONS = YES;
				CLANG_ANALYZER_NONNULL = YES;
				CLANG_ANALYZER_NUMBER_OBJECT_CONVERSION = YES_AGGRESSIVE;
				CLANG_CXX_LANGUAGE_STANDARD = "gnu++20";
				CLANG_ENABLE_MODULES = YES;
				CLANG_ENABLE_OBJC_ARC = YES;
				CLANG_ENABLE_OBJC_WEAK = YES;
				CLANG_WARN_BLOCK_CAPTURE_AUTORELEASING = YES;
				CLANG_WARN_BOOL_CONVERSION = YES;
				CLANG_WARN_COMMA = YES;
				CLANG_WARN_CONSTANT_CONVERSION = YES;
				CLANG_WARN_DEPRECATED_OBJC_IMPLEMENTATIONS = YES;
				CLANG_WARN_DIRECT_OBJC_ISA_USAGE = YES_ERROR;
				CLANG_WARN_DOCUMENTATION_COMMENTS = YES;
				CLANG_WARN_EMPTY_BODY = YES;
				CLANG_WARN_ENUM_CONVERSION = YES;
				CLANG_WARN_INFINITE_RECURSION = YES;
				CLANG_WARN_INT_CONVERSION = YES;
				CLANG_WARN_NON_LITERAL_NULL_CONVERSION = YES;
				CLANG_WARN_OBJC_IMPLICIT_RETAIN_SELF = YES;
				CLANG_WARN_OBJC_LITERAL_CONVERSION = YES;
				CLANG_WARN_OBJC_ROOT_CLASS = YES_ERROR;
				CLANG_WARN_QUOTED_INCLUDE_IN_FRAMEWORK_HEADER = YES;
				CLANG_WARN_RANGE_LOOP_ANALYSIS = YES;
				CLANG_WARN_STRICT_PROTOTYPES = YES;
				CLANG_WARN_SUSPICIOUS_MOVE = YES;
				CLANG_WARN_UNGUARDED_AVAILABILITY = YES_AGGRESSIVE;
				CLANG_WARN_UNREACHABLE_CODE = YES;
				CLANG_WARN__DUPLICATE_METHOD_MATCH = YES;
				COPY_PHASE_STRIP = NO;
				DEBUG_INFORMATION_FORMAT = "dwarf-with-dsym";
				ENABLE_NS_ASSERTIONS = NO;
				ENABLE_STRICT_OBJC_MSGSEND = YES;
				ENABLE_USER_SCRIPT_SANDBOXING = YES;
				GCC_C_LANGUAGE_STANDARD = gnu17;
				GCC_NO_COMMON_BLOCKS = YES;
				GCC_WARN_64_TO_32_BIT_CONVERSION = YES;
				GCC_WARN_ABOUT_RETURN_TYPE = YES_ERROR;
				GCC_WARN_UNDECLARED_SELECTOR = YES;
				GCC_WARN_UNINITIALIZED_AUTOS = YES_AGGRESSIVE;
				GCC_WARN_UNUSED_FUNCTION = YES;
				GCC_WARN_UNUSED_VARIABLE = YES;
				IPHONEOS_DEPLOYMENT_TARGET = 17.0;
				LOCALIZATION_PREFERS_STRING_CATALOGS = YES;
				MTL_ENABLE_DEBUG_INFO = NO;
				MTL_FAST_MATH = YES;
				SDKROOT = iphoneos;
				SWIFT_COMPILATION_MODE = wholemodule;
				VALIDATE_PRODUCT = YES;
			};
			name = Release;
		};
		3A24C70C2CD91C0300BFAAC3 /* Debug */ = {
			isa = XCBuildConfiguration;
			buildSettings = {
				ASSETCATALOG_COMPILER_APPICON_NAME = AppIcon;
				ASSETCATALOG_COMPILER_GLOBAL_ACCENT_COLOR_NAME = AccentColor;
				CODE_SIGN_STYLE = Automatic;
				CURRENT_PROJECT_VERSION = 1;
				GENERATE_INFOPLIST_FILE = YES;
				INFOPLIST_FILE = "attendance app/Info.plist";
				INFOPLIST_KEY_UIApplicationSupportsIndirectInputEvents = YES;
				INFOPLIST_KEY_UILaunchStoryboardName = LaunchScreen;
				INFOPLIST_KEY_UIMainStoryboardFile = Main;
				INFOPLIST_KEY_UISupportedInterfaceOrientations_iPad = "UIInterfaceOrientationPortrait UIInterfaceOrientationPortraitUpsideDown UIInterfaceOrientationLandscapeLeft UIInterfaceOrientationLandscapeRight";
				INFOPLIST_KEY_UISupportedInterfaceOrientations_iPhone = "UIInterfaceOrientationPortrait UIInterfaceOrientationLandscapeLeft UIInterfaceOrientationLandscapeRight";
				IPHONEOS_DEPLOYMENT_TARGET = 15.0;
				LD_RUNPATH_SEARCH_PATHS = (
					"$(inherited)",
					"@executable_path/Frameworks",
				);
				MARKETING_VERSION = 1.0;
				PRODUCT_BUNDLE_IDENTIFIER = "aa.attendance-app";
				PRODUCT_NAME = "$(TARGET_NAME)";
				SWIFT_EMIT_LOC_STRINGS = YES;
				SWIFT_VERSION = 5.0;
				TARGETED_DEVICE_FAMILY = "1,2";
			};
			name = Debug;
		};
		3A24C70D2CD91C0300BFAAC3 /* Release */ = {
			isa = XCBuildConfiguration;
			buildSettings = {
				ASSETCATALOG_COMPILER_APPICON_NAME = AppIcon;
				ASSETCATALOG_COMPILER_GLOBAL_ACCENT_COLOR_NAME = AccentColor;
				CODE_SIGN_STYLE = Automatic;
				CURRENT_PROJECT_VERSION = 1;
				GENERATE_INFOPLIST_FILE = YES;
				INFOPLIST_FILE = "attendance app/Info.plist";
				INFOPLIST_KEY_UIApplicationSupportsIndirectInputEvents = YES;
				INFOPLIST_KEY_UILaunchStoryboardName = LaunchScreen;
				INFOPLIST_KEY_UIMainStoryboardFile = Main;
				INFOPLIST_KEY_UISupportedInterfaceOrientations_iPad = "UIInterfaceOrientationPortrait UIInterfaceOrientationPortraitUpsideDown UIInterfaceOrientationLandscapeLeft UIInterfaceOrientationLandscapeRight";
				INFOPLIST_KEY_UISupportedInterfaceOrientations_iPhone = "UIInterfaceOrientationPortrait UIInterfaceOrientationLandscapeLeft UIInterfaceOrientationLandscapeRight";
				IPHONEOS_DEPLOYMENT_TARGET = 15.0;
				LD_RUNPATH_SEARCH_PATHS = (
					"$(inherited)",
					"@executable_path/Frameworks",
				);
				MARKETING_VERSION = 1.0;
				PRODUCT_BUNDLE_IDENTIFIER = "aa.attendance-app";
				PRODUCT_NAME = "$(TARGET_NAME)";
				SWIFT_EMIT_LOC_STRINGS = YES;
				SWIFT_VERSION = 5.0;
				TARGETED_DEVICE_FAMILY = "1,2";
			};
			name = Release;
		};
/* End XCBuildConfiguration section */

/* Begin XCConfigurationList section */
		3A24C6F22CD91C0200BFAAC3 /* Build configuration list for PBXProject "attendance app" */ = {
			isa = XCConfigurationList;
			buildConfigurations = (
				3A24C7092CD91C0300BFAAC3 /* Debug */,
				3A24C70A2CD91C0300BFAAC3 /* Release */,
			);
			defaultConfigurationIsVisible = 0;
			defaultConfigurationName = Release;
		};
		3A24C70B2CD91C0300BFAAC3 /* Build configuration list for PBXNativeTarget "attendance app" */ = {
			isa = XCConfigurationList;
			buildConfigurations = (
				3A24C70C2CD91C0300BFAAC3 /* Debug */,
				3A24C70D2CD91C0300BFAAC3 /* Release */,
			);
			defaultConfigurationIsVisible = 0;
			defaultConfigurationName = Release;
		};
/* End XCConfigurationList section */
	};
	rootObject = 3A24C6EF2CD91C0200BFAAC3 /* Project object */;
}
